
Microsoft Visual Studio Solution File, Format Version 11.00
# Visual Studio 2010
Project("{FAE04EC0-301F-11D3-BF4B-00C04F79EFBC}") = "Assembly-CSharp", "Assembly-CSharp.csproj", "{FE456A1D-6BB7-9DC4-D038-48BB3BEBDCBA}"
EndProject
Project("{FAE04EC0-301F-11D3-BF4B-00C04F79EFBC}") = "Assembly-CSharp-Editor", "Assembly-CSharp-Editor.csproj", "{3A5A26FC-2B9D-A6B8-C2B0-346B870A44BE}"
EndProject
Global
	GlobalSection(SolutionConfigurationPlatforms) = preSolution
		Debug|Any CPU = Debug|Any CPU
		Release|Any CPU = Release|Any CPU
	EndGlobalSection
	GlobalSection(ProjectConfigurationPlatforms) = postSolution
		{FE456A1D-6BB7-9DC4-D038-48BB3BEBDCBA}.Debug|Any CPU.ActiveCfg = Debug|Any CPU
		{FE456A1D-6BB7-9DC4-D038-48BB3BEBDCBA}.Debug|Any CPU.Build.0 = Debug|Any CPU
		{FE456A1D-6BB7-9DC4-D038-48BB3BEBDCBA}.Release|Any CPU.ActiveCfg = Release|Any CPU
		{FE456A1D-6BB7-9DC4-D038-48BB3BEBDCBA}.Release|Any CPU.Build.0 = Release|Any CPU
		{3A5A26FC-2B9D-A6B8-C2B0-346B870A44BE}.Debug|Any CPU.ActiveCfg = Debug|Any CPU
		{3A5A26FC-2B9D-A6B8-C2B0-346B870A44BE}.Debug|Any CPU.Build.0 = Debug|Any CPU
		{3A5A26FC-2B9D-A6B8-C2B0-346B870A44BE}.Release|Any CPU.ActiveCfg = Release|Any CPU
		{3A5A26FC-2B9D-A6B8-C2B0-346B870A44BE}.Release|Any CPU.Build.0 = Release|Any CPU
	EndGlobalSection
	GlobalSection(SolutionProperties) = preSolution
		HideSolutionNode = FALSE
	EndGlobalSection
EndGlobal
